github.com/gohugo-ananke/ananke/v2 v2.19.0 h1:FbXCNVEPdSGr937hivfJ31eDj4d1y0okbYeKgLArxyw=
github.com/gohugo-ananke/ananke/v2 v2.19.0/go.mod h1:HLy3O8WIkY0EmkMryllP6ilZVvAWz1XsLnfYLuD7dvE=
github.com/theNewDynamic/gohugo-theme-ananke/v2 v2.11.2 h1:e57wIClfYebSg7lqJ6ZBbsPaOO+qYEUuqzKbOCwSMqA=
github.com/theNewDynamic/gohugo-theme-ananke/v2 v2.11.2/go.mod h1:PiXJyylwvAMIfDiHY0SlP8fDwGHhq3ocwbP4TiuAevo=
github.com/theNewDynamic/gohugo-theme-ananke/v2 v2.12.1 h1:SxVd2+ADMcMiNSsCnAdBnoMMZAUfwHDCvDExZ5fRseo=
github.com/theNewDynamic/gohugo-theme-ananke/v2 v2.12.1/go.mod h1:+a6uqEsCq0+rqHWY5W5QA3P9DNnxcbyCw+CVEB+Uveg=
